
Microsoft Visual Studio Solution File, Format Version 12.00
# Visual Studio for Mac
Project("{FAE04EC0-301F-11D3-BF4B-00C04F79EFBC}") = "Assembly-CSharp", "Assembly-CSharp.csproj", "{7FBBCD92-C2FE-ABEC-A00F-36FF2111FFFC}"
EndProject
Project("{FAE04EC0-301F-11D3-BF4B-00C04F79EFBC}") = "Assembly-CSharp-Editor", "Assembly-CSharp-Editor.csproj", "{6D43A8BB-EBF7-17B7-3034-CFC0D60806DB}"
EndProject
Global
	GlobalSection(SolutionConfigurationPlatforms) = preSolution
		Debug|Any CPU = Debug|Any CPU
		Release|Any CPU = Release|Any CPU
	EndGlobalSection
	GlobalSection(ProjectConfigurationPlatforms) = postSolution
		{7FBBCD92-C2FE-ABEC-A00F-36FF2111FFFC}.Debug|Any CPU.ActiveCfg = Debug|Any CPU
		{7FBBCD92-C2FE-ABEC-A00F-36FF2111FFFC}.Debug|Any CPU.Build.0 = Debug|Any CPU
		{7FBBCD92-C2FE-ABEC-A00F-36FF2111FFFC}.Release|Any CPU.ActiveCfg = Release|Any CPU
		{7FBBCD92-C2FE-ABEC-A00F-36FF2111FFFC}.Release|Any CPU.Build.0 = Release|Any CPU
		{6D43A8BB-EBF7-17B7-3034-CFC0D60806DB}.Debug|Any CPU.ActiveCfg = Debug|Any CPU
		{6D43A8BB-EBF7-17B7-3034-CFC0D60806DB}.Debug|Any CPU.Build.0 = Debug|Any CPU
		{6D43A8BB-EBF7-17B7-3034-CFC0D60806DB}.Release|Any CPU.ActiveCfg = Release|Any CPU
		{6D43A8BB-EBF7-17B7-3034-CFC0D60806DB}.Release|Any CPU.Build.0 = Release|Any CPU
	EndGlobalSection
	GlobalSection(SolutionProperties) = preSolution
		HideSolutionNode = FALSE
	EndGlobalSection
EndGlobal
